
Microsoft Visual Studio Solution File, Format Version 12.00
# Visual Studio Version 17
VisualStudioVersion = 17.8.34322.80
MinimumVisualStudioVersion = 10.0.40219.1
Project("{FAE04EC0-301F-11D3-BF4B-00C04F79EFBC}") = "CrudApplication_repositoryPattern.UI", "CrudApplication_repositoryPattern\CrudApplication_repositoryPattern.UI.csproj", "{FDFBD3A0-2D11-4992-A68D-87E72A8E1C63}"
EndProject
Project("{FAE04EC0-301F-11D3-BF4B-00C04F79EFBC}") = "CRUDApp.Core", "CRUDApp.Core\CRUDApp.Core.csproj", "{6DD63837-B486-463A-A3EE-CB21D6A36E2C}"
EndProject
Project("{FAE04EC0-301F-11D3-BF4B-00C04F79EFBC}") = "CRUDApp.Infra", "CRUDApp.Infra\CRUDApp.Infra.csproj", "{23FD5E22-ECFD-44D3-BA67-545448839D4A}"
EndProject
Global
	GlobalSection(SolutionConfigurationPlatforms) = preSolution
		Debug|Any CPU = Debug|Any CPU
		Release|Any CPU = Release|Any CPU
	EndGlobalSection
	GlobalSection(ProjectConfigurationPlatforms) = postSolution
		{FDFBD3A0-2D11-4992-A68D-87E72A8E1C63}.Debug|Any CPU.ActiveCfg = Debug|Any CPU
		{FDFBD3A0-2D11-4992-A68D-87E72A8E1C63}.Debug|Any CPU.Build.0 = Debug|Any CPU
		{FDFBD3A0-2D11-4992-A68D-87E72A8E1C63}.Release|Any CPU.ActiveCfg = Release|Any CPU
		{FDFBD3A0-2D11-4992-A68D-87E72A8E1C63}.Release|Any CPU.Build.0 = Release|Any CPU
		{6DD63837-B486-463A-A3EE-CB21D6A36E2C}.Debug|Any CPU.ActiveCfg = Debug|Any CPU
		{6DD63837-B486-463A-A3EE-CB21D6A36E2C}.Debug|Any CPU.Build.0 = Debug|Any CPU
		{6DD63837-B486-463A-A3EE-CB21D6A36E2C}.Release|Any CPU.ActiveCfg = Release|Any CPU
		{6DD63837-B486-463A-A3EE-CB21D6A36E2C}.Release|Any CPU.Build.0 = Release|Any CPU
		{23FD5E22-ECFD-44D3-BA67-545448839D4A}.Debug|Any CPU.ActiveCfg = Debug|Any CPU
		{23FD5E22-ECFD-44D3-BA67-545448839D4A}.Debug|Any CPU.Build.0 = Debug|Any CPU
		{23FD5E22-ECFD-44D3-BA67-545448839D4A}.Release|Any CPU.ActiveCfg = Release|Any CPU
		{23FD5E22-ECFD-44D3-BA67-545448839D4A}.Release|Any CPU.Build.0 = Release|Any CPU
	EndGlobalSection
	GlobalSection(SolutionProperties) = preSolution
		HideSolutionNode = FALSE
	EndGlobalSection
	GlobalSection(ExtensibilityGlobals) = postSolution
		SolutionGuid = {1CA4EFCB-3E82-407E-B54D-3AA535DB383C}
	EndGlobalSection
EndGlobal
